// !$*UTF8*$!
{
	archiveVersion = 1;
	classes = {
	};
	objectVersion = 48;
	objects = {

/* Begin PBXBuildFile section */
		1E0A39C22010A02E007924D9 /* DisplayNoteViewController.swift in Sources */ = {isa = PBXBuildFile; fileRef = 1E0A39C12010A02E007924D9 /* DisplayNoteViewController.swift */; };
		1E0FFCF0200C409B001525F7 /* StatModifierView.swift in Sources */ = {isa = PBXBuildFile; fileRef = 1E0FFCEF200C409B001525F7 /* StatModifierView.swift */; };
		1E0FFCF3200C40D0001525F7 /* StatModifierView.xib in Resources */ = {isa = PBXBuildFile; fileRef = 1E0FFCF1200C40D0001525F7 /* StatModifierView.xib */; };
		1E1B82E3200F080C002D6E01 /* goldBag.png in Resources */ = {isa = PBXBuildFile; fileRef = 1E1B82E2200F080C002D6E01 /* goldBag.png */; };
		1E1B82E5200F0917002D6E01 /* goldbag3.png in Resources */ = {isa = PBXBuildFile; fileRef = 1E1B82E4200F0917002D6E01 /* goldbag3.png */; };
		1E1B82E8200F0947002D6E01 /* experienceStar.png in Resources */ = {isa = PBXBuildFile; fileRef = 1E1B82E7200F0947002D6E01 /* experienceStar.png */; };
		1E2CF3282010B946002335DF /* NoteTableViewCell.swift in Sources */ = {isa = PBXBuildFile; fileRef = 1E2CF3272010B946002335DF /* NoteTableViewCell.swift */; };
		1E2CF32A201162AA002335DF /* NoteModel.swift in Sources */ = {isa = PBXBuildFile; fileRef = 1E2CF329201162AA002335DF /* NoteModel.swift */; };
		1E83F71A2010661C000AAECD /* NotesViewController.swift in Sources */ = {isa = PBXBuildFile; fileRef = 1E83F7192010661C000AAECD /* NotesViewController.swift */; };
		1EA938D82015898600B070B4 /* ScenarioViewController.swift in Sources */ = {isa = PBXBuildFile; fileRef = 1EA938D72015898600B070B4 /* ScenarioViewController.swift */; };
		1EA938DA2015A31600B070B4 /* CounterView.swift in Sources */ = {isa = PBXBuildFile; fileRef = 1EA938D92015A31600B070B4 /* CounterView.swift */; };
		1EA938DC2015A32900B070B4 /* HorizontalCounterView.xib in Resources */ = {isa = PBXBuildFile; fileRef = 1EA938DB2015A32900B070B4 /* HorizontalCounterView.xib */; };
		1EA938DE2015A71A00B070B4 /* minusImage.png in Resources */ = {isa = PBXBuildFile; fileRef = 1EA938DD2015A71900B070B4 /* minusImage.png */; };
		1EA938E02015A71F00B070B4 /* plusImage.png in Resources */ = {isa = PBXBuildFile; fileRef = 1EA938DF2015A71F00B070B4 /* plusImage.png */; };
		1EB4B28A2015F52700BF0AB0 /* VerticalCounterView.xib in Resources */ = {isa = PBXBuildFile; fileRef = 1EB4B2892015F52700BF0AB0 /* VerticalCounterView.xib */; };
		1EB4B28E2016098A00BF0AB0 /* CharacterDatasource.swift in Sources */ = {isa = PBXBuildFile; fileRef = 1EB4B28D2016098A00BF0AB0 /* CharacterDatasource.swift */; };
		1EB4B2962016264C00BF0AB0 /* CharactrerCreationViewController.swift in Sources */ = {isa = PBXBuildFile; fileRef = 1EB4B2952016264C00BF0AB0 /* CharactrerCreationViewController.swift */; };
		1EB4B2982016DF2700BF0AB0 /* ModelProtocol.swift in Sources */ = {isa = PBXBuildFile; fileRef = 1EB4B2972016DF2700BF0AB0 /* ModelProtocol.swift */; };
		1EB4B29A2016E9C100BF0AB0 /* Helpers.swift in Sources */ = {isa = PBXBuildFile; fileRef = 1EB4B2992016E9C100BF0AB0 /* Helpers.swift */; };
		1EB4B29C2016FA3000BF0AB0 /* MPCManager.swift in Sources */ = {isa = PBXBuildFile; fileRef = 1EB4B29B2016FA3000BF0AB0 /* MPCManager.swift */; };
		1EB4B2A02017381200BF0AB0 /* ScenarioShareManager.swift in Sources */ = {isa = PBXBuildFile; fileRef = 1EB4B29F2017381200BF0AB0 /* ScenarioShareManager.swift */; };
		1ECF00D12007106400C2E11D /* AppDelegate.swift in Sources */ = {isa = PBXBuildFile; fileRef = 1ECF00D02007106400C2E11D /* AppDelegate.swift */; };
		1ECF00D62007106400C2E11D /* Main.storyboard in Resources */ = {isa = PBXBuildFile; fileRef = 1ECF00D42007106400C2E11D /* Main.storyboard */; };
		1ECF00D82007106400C2E11D /* Assets.xcassets in Resources */ = {isa = PBXBuildFile; fileRef = 1ECF00D72007106400C2E11D /* Assets.xcassets */; };
		1ECF00DB2007106400C2E11D /* LaunchScreen.storyboard in Resources */ = {isa = PBXBuildFile; fileRef = 1ECF00D92007106400C2E11D /* LaunchScreen.storyboard */; };
		1ECF00E52007130B00C2E11D /* CharacterModel.swift in Sources */ = {isa = PBXBuildFile; fileRef = 1ECF00E42007130B00C2E11D /* CharacterModel.swift */; };
		1ECF00E920072B6500C2E11D /* CharacterSheetViewController.swift in Sources */ = {isa = PBXBuildFile; fileRef = 1ECF00E820072B6500C2E11D /* CharacterSheetViewController.swift */; };
		1EF640DA2011AC3F00696393 /* ModelDatasource.swift in Sources */ = {isa = PBXBuildFile; fileRef = 1EF640D92011AC3F00696393 /* ModelDatasource.swift */; };
		85648DCFFAF6C7B3CA14B3C3 /* Pods_GHPlayerSheet.framework in Frameworks */ = {isa = PBXBuildFile; fileRef = 64BA18F0448C778F008F615A /* Pods_GHPlayerSheet.framework */; };
/* End PBXBuildFile section */

/* Begin PBXFileReference section */
		1E0A39C12010A02E007924D9 /* DisplayNoteViewController.swift */ = {isa = PBXFileReference; lastKnownFileType = sourcecode.swift; path = DisplayNoteViewController.swift; sourceTree = "<group>"; };
		1E0FFCEF200C409B001525F7 /* StatModifierView.swift */ = {isa = PBXFileReference; lastKnownFileType = sourcecode.swift; path = StatModifierView.swift; sourceTree = "<group>"; };
		1E0FFCF2200C40D0001525F7 /* Base */ = {isa = PBXFileReference; lastKnownFileType = file.xib; name = Base; path = Base.lproj/StatModifierView.xib; sourceTree = "<group>"; };
		1E1B82E2200F080C002D6E01 /* goldBag.png */ = {isa = PBXFileReference; lastKnownFileType = image.png; path = goldBag.png; sourceTree = "<group>"; };
		1E1B82E4200F0917002D6E01 /* goldbag3.png */ = {isa = PBXFileReference; lastKnownFileType = image.png; path = goldbag3.png; sourceTree = "<group>"; };
		1E1B82E7200F0947002D6E01 /* experienceStar.png */ = {isa = PBXFileReference; lastKnownFileType = image.png; path = experienceStar.png; sourceTree = "<group>"; };
		1E2CF3272010B946002335DF /* NoteTableViewCell.swift */ = {isa = PBXFileReference; lastKnownFileType = sourcecode.swift; path = NoteTableViewCell.swift; sourceTree = "<group>"; };
		1E2CF329201162AA002335DF /* NoteModel.swift */ = {isa = PBXFileReference; lastKnownFileType = sourcecode.swift; path = NoteModel.swift; sourceTree = "<group>"; };
		1E83F7192010661C000AAECD /* NotesViewController.swift */ = {isa = PBXFileReference; lastKnownFileType = sourcecode.swift; path = NotesViewController.swift; sourceTree = "<group>"; };
		1EA938D72015898600B070B4 /* ScenarioViewController.swift */ = {isa = PBXFileReference; lastKnownFileType = sourcecode.swift; path = ScenarioViewController.swift; sourceTree = "<group>"; };
		1EA938D92015A31600B070B4 /* CounterView.swift */ = {isa = PBXFileReference; lastKnownFileType = sourcecode.swift; path = CounterView.swift; sourceTree = "<group>"; };
		1EA938DB2015A32900B070B4 /* HorizontalCounterView.xib */ = {isa = PBXFileReference; lastKnownFileType = file.xib; path = HorizontalCounterView.xib; sourceTree = "<group>"; };
		1EA938DD2015A71900B070B4 /* minusImage.png */ = {isa = PBXFileReference; lastKnownFileType = image.png; path = minusImage.png; sourceTree = "<group>"; };
		1EA938DF2015A71F00B070B4 /* plusImage.png */ = {isa = PBXFileReference; lastKnownFileType = image.png; path = plusImage.png; sourceTree = "<group>"; };
		1EB4B2892015F52700BF0AB0 /* VerticalCounterView.xib */ = {isa = PBXFileReference; lastKnownFileType = file.xib; path = VerticalCounterView.xib; sourceTree = "<group>"; };
		1EB4B28D2016098A00BF0AB0 /* CharacterDatasource.swift */ = {isa = PBXFileReference; lastKnownFileType = sourcecode.swift; path = CharacterDatasource.swift; sourceTree = "<group>"; };
		1EB4B2952016264C00BF0AB0 /* CharactrerCreationViewController.swift */ = {isa = PBXFileReference; lastKnownFileType = sourcecode.swift; path = CharactrerCreationViewController.swift; sourceTree = "<group>"; };
		1EB4B2972016DF2700BF0AB0 /* ModelProtocol.swift */ = {isa = PBXFileReference; lastKnownFileType = sourcecode.swift; path = ModelProtocol.swift; sourceTree = "<group>"; };
		1EB4B2992016E9C100BF0AB0 /* Helpers.swift */ = {isa = PBXFileReference; lastKnownFileType = sourcecode.swift; path = Helpers.swift; sourceTree = "<group>"; };
		1EB4B29B2016FA3000BF0AB0 /* MPCManager.swift */ = {isa = PBXFileReference; lastKnownFileType = sourcecode.swift; path = MPCManager.swift; sourceTree = "<group>"; };
		1EB4B29F2017381200BF0AB0 /* ScenarioShareManager.swift */ = {isa = PBXFileReference; lastKnownFileType = sourcecode.swift; path = ScenarioShareManager.swift; sourceTree = "<group>"; };
		1ECB9C8A201041E5002B62C9 /* DynamicBlurView.framework */ = {isa = PBXFileReference; explicitFileType = wrapper.framework; path = DynamicBlurView.framework; sourceTree = BUILT_PRODUCTS_DIR; };
		1ECF00CD2007106400C2E11D /* GHPlayerSheet.app */ = {isa = PBXFileReference; explicitFileType = wrapper.application; includeInIndex = 0; path = GHPlayerSheet.app; sourceTree = BUILT_PRODUCTS_DIR; };
		1ECF00D02007106400C2E11D /* AppDelegate.swift */ = {isa = PBXFileReference; lastKnownFileType = sourcecode.swift; path = AppDelegate.swift; sourceTree = "<group>"; };
		1ECF00D52007106400C2E11D /* Base */ = {isa = PBXFileReference; lastKnownFileType = file.storyboard; name = Base; path = Base.lproj/Main.storyboard; sourceTree = "<group>"; };
		1ECF00D72007106400C2E11D /* Assets.xcassets */ = {isa = PBXFileReference; lastKnownFileType = folder.assetcatalog; path = Assets.xcassets; sourceTree = "<group>"; };
		1ECF00DA2007106400C2E11D /* Base */ = {isa = PBXFileReference; lastKnownFileType = file.storyboard; name = Base; path = Base.lproj/LaunchScreen.storyboard; sourceTree = "<group>"; };
		1ECF00DC2007106400C2E11D /* Info.plist */ = {isa = PBXFileReference; lastKnownFileType = text.plist.xml; path = Info.plist; sourceTree = "<group>"; };
		1ECF00E42007130B00C2E11D /* CharacterModel.swift */ = {isa = PBXFileReference; lastKnownFileType = sourcecode.swift; path = CharacterModel.swift; sourceTree = "<group>"; };
		1ECF00E820072B6500C2E11D /* CharacterSheetViewController.swift */ = {isa = PBXFileReference; lastKnownFileType = sourcecode.swift; path = CharacterSheetViewController.swift; sourceTree = "<group>"; };
		1EF640D92011AC3F00696393 /* ModelDatasource.swift */ = {isa = PBXFileReference; fileEncoding = 4; lastKnownFileType = sourcecode.swift; path = ModelDatasource.swift; sourceTree = "<group>"; };
		64BA18F0448C778F008F615A /* Pods_GHPlayerSheet.framework */ = {isa = PBXFileReference; explicitFileType = wrapper.framework; includeInIndex = 0; path = Pods_GHPlayerSheet.framework; sourceTree = BUILT_PRODUCTS_DIR; };
		99432B21D9551D4B46AA8284 /* Pods-GHPlayerSheet.debug.xcconfig */ = {isa = PBXFileReference; includeInIndex = 1; lastKnownFileType = text.xcconfig; name = "Pods-GHPlayerSheet.debug.xcconfig"; path = "Pods/Target Support Files/Pods-GHPlayerSheet/Pods-GHPlayerSheet.debug.xcconfig"; sourceTree = "<group>"; };
		9A88795E3811A24185155A4E /* Pods-GHPlayerSheet.release.xcconfig */ = {isa = PBXFileReference; includeInIndex = 1; lastKnownFileType = text.xcconfig; name = "Pods-GHPlayerSheet.release.xcconfig"; path = "Pods/Target Support Files/Pods-GHPlayerSheet/Pods-GHPlayerSheet.release.xcconfig"; sourceTree = "<group>"; };
/* End PBXFileReference section */

/* Begin PBXFrameworksBuildPhase section */
		1ECF00CA2007106400C2E11D /* Frameworks */ = {
			isa = PBXFrameworksBuildPhase;
			buildActionMask = 2147483647;
			files = (
				85648DCFFAF6C7B3CA14B3C3 /* Pods_GHPlayerSheet.framework in Frameworks */,
			);
			runOnlyForDeploymentPostprocessing = 0;
		};
/* End PBXFrameworksBuildPhase section */

/* Begin PBXGroup section */
		084816276E906BD8B99D7485 /* Pods */ = {
			isa = PBXGroup;
			children = (
				99432B21D9551D4B46AA8284 /* Pods-GHPlayerSheet.debug.xcconfig */,
				9A88795E3811A24185155A4E /* Pods-GHPlayerSheet.release.xcconfig */,
			);
			name = Pods;
			sourceTree = "<group>";
		};
		1E0FFCEB200B6719001525F7 /* Supporting Files */ = {
			isa = PBXGroup;
			children = (
				1EB4B2992016E9C100BF0AB0 /* Helpers.swift */,
				1ECF00D72007106400C2E11D /* Assets.xcassets */,
				1E1B82E1200F07CA002D6E01 /* Images */,
				1ECF00D92007106400C2E11D /* LaunchScreen.storyboard */,
			);
			path = "Supporting Files";
			sourceTree = "<group>";
		};
		1E0FFCEC200B6734001525F7 /* Views */ = {
			isa = PBXGroup;
			children = (
				1ECF00D42007106400C2E11D /* Main.storyboard */,
				1E0FFCEF200C409B001525F7 /* StatModifierView.swift */,
				1E0FFCF1200C40D0001525F7 /* StatModifierView.xib */,
				1EA938D92015A31600B070B4 /* CounterView.swift */,
				1EA938DB2015A32900B070B4 /* HorizontalCounterView.xib */,
				1EB4B2892015F52700BF0AB0 /* VerticalCounterView.xib */,
				1E2CF3272010B946002335DF /* NoteTableViewCell.swift */,
			);
			path = Views;
			sourceTree = "<group>";
		};
		1E0FFCED200B6746001525F7 /* Models */ = {
			isa = PBXGroup;
			children = (
				1ECF00E42007130B00C2E11D /* CharacterModel.swift */,
				1EB4B28D2016098A00BF0AB0 /* CharacterDatasource.swift */,
				1E2CF329201162AA002335DF /* NoteModel.swift */,
				1EF640D92011AC3F00696393 /* ModelDatasource.swift */,
				1EB4B2972016DF2700BF0AB0 /* ModelProtocol.swift */,
			);
			path = Models;
			sourceTree = "<group>";
		};
		1E0FFCEE200B6752001525F7 /* Controllers */ = {
			isa = PBXGroup;
			children = (
				1ECF00E820072B6500C2E11D /* CharacterSheetViewController.swift */,
				1E83F7192010661C000AAECD /* NotesViewController.swift */,
				1E0A39C12010A02E007924D9 /* DisplayNoteViewController.swift */,
				1EA938D72015898600B070B4 /* ScenarioViewController.swift */,
				1EB4B29B2016FA3000BF0AB0 /* MPCManager.swift */,
				1EB4B2952016264C00BF0AB0 /* CharactrerCreationViewController.swift */,
				1EB4B29F2017381200BF0AB0 /* ScenarioShareManager.swift */,
			);
			path = Controllers;
			sourceTree = "<group>";
		};
		1E1B82E1200F07CA002D6E01 /* Images */ = {
			isa = PBXGroup;
			children = (
				1E1B82E7200F0947002D6E01 /* experienceStar.png */,
				1E1B82E4200F0917002D6E01 /* goldbag3.png */,
				1E1B82E2200F080C002D6E01 /* goldBag.png */,
				1EA938DF2015A71F00B070B4 /* plusImage.png */,
				1EA938DD2015A71900B070B4 /* minusImage.png */,
			);
			path = Images;
			sourceTree = "<group>";
		};
		1ECF00C42007106400C2E11D = {
			isa = PBXGroup;
			children = (
				1ECF00CF2007106400C2E11D /* GHPlayerSheet */,
				1ECF00CE2007106400C2E11D /* Products */,
				084816276E906BD8B99D7485 /* Pods */,
				36CC4EEB778A92DC72C8DD5C /* Frameworks */,
			);
			sourceTree = "<group>";
		};
		1ECF00CE2007106400C2E11D /* Products */ = {
			isa = PBXGroup;
			children = (
				1ECF00CD2007106400C2E11D /* GHPlayerSheet.app */,
			);
			name = Products;
			sourceTree = "<group>";
		};
		1ECF00CF2007106400C2E11D /* GHPlayerSheet */ = {
			isa = PBXGroup;
			children = (
				1ECF00D02007106400C2E11D /* AppDelegate.swift */,
				1E0FFCEE200B6752001525F7 /* Controllers */,
				1E0FFCED200B6746001525F7 /* Models */,
				1E0FFCEC200B6734001525F7 /* Views */,
				1E0FFCEB200B6719001525F7 /* Supporting Files */,
				1ECF00DC2007106400C2E11D /* Info.plist */,
			);
			path = GHPlayerSheet;
			sourceTree = "<group>";
		};
		36CC4EEB778A92DC72C8DD5C /* Frameworks */ = {
			isa = PBXGroup;
			children = (
				1ECB9C8A201041E5002B62C9 /* DynamicBlurView.framework */,
				64BA18F0448C778F008F615A /* Pods_GHPlayerSheet.framework */,
			);
			name = Frameworks;
			sourceTree = "<group>";
		};
/* End PBXGroup section */

/* Begin PBXNativeTarget section */
		1ECF00CC2007106400C2E11D /* GHPlayerSheet */ = {
			isa = PBXNativeTarget;
			buildConfigurationList = 1ECF00DF2007106400C2E11D /* Build configuration list for PBXNativeTarget "GHPlayerSheet" */;
			buildPhases = (
				F8F10333208F5BCABED98195 /* [CP] Check Pods Manifest.lock */,
				1ECF00C92007106400C2E11D /* Sources */,
				1ECF00CA2007106400C2E11D /* Frameworks */,
				1ECF00CB2007106400C2E11D /* Resources */,
				4A200AF054FFC530FCA8894B /* [CP] Embed Pods Frameworks */,
				AAFF4183553AC460444DD27A /* [CP] Copy Pods Resources */,
			);
			buildRules = (
			);
			dependencies = (
			);
			name = GHPlayerSheet;
			productName = GHPlayerSheet;
			productReference = 1ECF00CD2007106400C2E11D /* GHPlayerSheet.app */;
			productType = "com.apple.product-type.application";
		};
/* End PBXNativeTarget section */

/* Begin PBXProject section */
		1ECF00C52007106400C2E11D /* Project object */ = {
			isa = PBXProject;
			attributes = {
				LastSwiftUpdateCheck = 0920;
				LastUpgradeCheck = 0920;
				ORGANIZATIONNAME = "Paul Hise";
				TargetAttributes = {
					1ECF00CC2007106400C2E11D = {
						CreatedOnToolsVersion = 9.2;
						ProvisioningStyle = Automatic;
					};
				};
			};
			buildConfigurationList = 1ECF00C82007106400C2E11D /* Build configuration list for PBXProject "GHPlayerSheet" */;
			compatibilityVersion = "Xcode 8.0";
			developmentRegion = en;
			hasScannedForEncodings = 0;
			knownRegions = (
				en,
				Base,
			);
			mainGroup = 1ECF00C42007106400C2E11D;
			productRefGroup = 1ECF00CE2007106400C2E11D /* Products */;
			projectDirPath = "";
			projectRoot = "";
			targets = (
				1ECF00CC2007106400C2E11D /* GHPlayerSheet */,
			);
		};
/* End PBXProject section */

/* Begin PBXResourcesBuildPhase section */
		1ECF00CB2007106400C2E11D /* Resources */ = {
			isa = PBXResourcesBuildPhase;
			buildActionMask = 2147483647;
			files = (
				1EB4B28A2015F52700BF0AB0 /* VerticalCounterView.xib in Resources */,
				1E1B82E5200F0917002D6E01 /* goldbag3.png in Resources */,
				1ECF00DB2007106400C2E11D /* LaunchScreen.storyboard in Resources */,
				1ECF00D82007106400C2E11D /* Assets.xcassets in Resources */,
				1EA938E02015A71F00B070B4 /* plusImage.png in Resources */,
				1EA938DC2015A32900B070B4 /* HorizontalCounterView.xib in Resources */,
				1ECF00D62007106400C2E11D /* Main.storyboard in Resources */,
				1EA938DE2015A71A00B070B4 /* minusImage.png in Resources */,
				1E0FFCF3200C40D0001525F7 /* StatModifierView.xib in Resources */,
				1E1B82E3200F080C002D6E01 /* goldBag.png in Resources */,
				1E1B82E8200F0947002D6E01 /* experienceStar.png in Resources */,
			);
			runOnlyForDeploymentPostprocessing = 0;
		};
/* End PBXResourcesBuildPhase section */

/* Begin PBXShellScriptBuildPhase section */
		4A200AF054FFC530FCA8894B /* [CP] Embed Pods Frameworks */ = {
			isa = PBXShellScriptBuildPhase;
			buildActionMask = 2147483647;
			files = (
			);
			inputPaths = (
				"${SRCROOT}/Pods/Target Support Files/Pods-GHPlayerSheet/Pods-GHPlayerSheet-frameworks.sh",
				"${BUILT_PRODUCTS_DIR}/ChameleonFramework/ChameleonFramework.framework",
				"${BUILT_PRODUCTS_DIR}/DynamicBlurView/DynamicBlurView.framework",
			);
			name = "[CP] Embed Pods Frameworks";
			outputPaths = (
				"${TARGET_BUILD_DIR}/${FRAMEWORKS_FOLDER_PATH}/ChameleonFramework.framework",
				"${TARGET_BUILD_DIR}/${FRAMEWORKS_FOLDER_PATH}/DynamicBlurView.framework",
			);
			runOnlyForDeploymentPostprocessing = 0;
			shellPath = /bin/sh;
			shellScript = "\"${SRCROOT}/Pods/Target Support Files/Pods-GHPlayerSheet/Pods-GHPlayerSheet-frameworks.sh\"\n";
			showEnvVarsInLog = 0;
		};
		AAFF4183553AC460444DD27A /* [CP] Copy Pods Resources */ = {
			isa = PBXShellScriptBuildPhase;
			buildActionMask = 2147483647;
			files = (
			);
			inputPaths = (
			);
			name = "[CP] Copy Pods Resources";
			outputPaths = (
			);
			runOnlyForDeploymentPostprocessing = 0;
			shellPath = /bin/sh;
			shellScript = "\"${SRCROOT}/Pods/Target Support Files/Pods-GHPlayerSheet/Pods-GHPlayerSheet-resources.sh\"\n";
			showEnvVarsInLog = 0;
		};
		F8F10333208F5BCABED98195 /* [CP] Check Pods Manifest.lock */ = {
			isa = PBXShellScriptBuildPhase;
			buildActionMask = 2147483647;
			files = (
			);
			inputPaths = (
				"${PODS_PODFILE_DIR_PATH}/Podfile.lock",
				"${PODS_ROOT}/Manifest.lock",
			);
			name = "[CP] Check Pods Manifest.lock";
			outputPaths = (
				"$(DERIVED_FILE_DIR)/Pods-GHPlayerSheet-checkManifestLockResult.txt",
			);
			runOnlyForDeploymentPostprocessing = 0;
			shellPath = /bin/sh;
			shellScript = "diff \"${PODS_PODFILE_DIR_PATH}/Podfile.lock\" \"${PODS_ROOT}/Manifest.lock\" > /dev/null\nif [ $? != 0 ] ; then\n    # print error to STDERR\n    echo \"error: The sandbox is not in sync with the Podfile.lock. Run 'pod install' or update your CocoaPods installation.\" >&2\n    exit 1\nfi\n# This output is used by Xcode 'outputs' to avoid re-running this script phase.\necho \"SUCCESS\" > \"${SCRIPT_OUTPUT_FILE_0}\"\n";
			showEnvVarsInLog = 0;
		};
/* End PBXShellScriptBuildPhase section */

/* Begin PBXSourcesBuildPhase section */
		1ECF00C92007106400C2E11D /* Sources */ = {
			isa = PBXSourcesBuildPhase;
			buildActionMask = 2147483647;
			files = (
				1ECF00D12007106400C2E11D /* AppDelegate.swift in Sources */,
				1EB4B2982016DF2700BF0AB0 /* ModelProtocol.swift in Sources */,
				1EB4B29C2016FA3000BF0AB0 /* MPCManager.swift in Sources */,
				1EF640DA2011AC3F00696393 /* ModelDatasource.swift in Sources */,
				1ECF00E920072B6500C2E11D /* CharacterSheetViewController.swift in Sources */,
				1E2CF3282010B946002335DF /* NoteTableViewCell.swift in Sources */,
				1EB4B2962016264C00BF0AB0 /* CharactrerCreationViewController.swift in Sources */,
				1E0A39C22010A02E007924D9 /* DisplayNoteViewController.swift in Sources */,
				1EB4B2A02017381200BF0AB0 /* ScenarioShareManager.swift in Sources */,
				1E83F71A2010661C000AAECD /* NotesViewController.swift in Sources */,
				1EA938DA2015A31600B070B4 /* CounterView.swift in Sources */,
				1EB4B29A2016E9C100BF0AB0 /* Helpers.swift in Sources */,
				1E0FFCF0200C409B001525F7 /* StatModifierView.swift in Sources */,
				1EB4B28E2016098A00BF0AB0 /* CharacterDatasource.swift in Sources */,
				1ECF00E52007130B00C2E11D /* CharacterModel.swift in Sources */,
				1EA938D82015898600B070B4 /* ScenarioViewController.swift in Sources */,
				1E2CF32A201162AA002335DF /* NoteModel.swift in Sources */,
			);
			runOnlyForDeploymentPostprocessing = 0;
		};
/* End PBXSourcesBuildPhase section */

/* Begin PBXVariantGroup section */
		1E0FFCF1200C40D0001525F7 /* StatModifierView.xib */ = {
			isa = PBXVariantGroup;
			children = (
				1E0FFCF2200C40D0001525F7 /* Base */,
			);
			name = StatModifierView.xib;
			sourceTree = "<group>";
		};
		1ECF00D42007106400C2E11D /* Main.storyboard */ = {
			isa = PBXVariantGroup;
			children = (
				1ECF00D52007106400C2E11D /* Base */,
			);
			name = Main.storyboard;
			sourceTree = "<group>";
		};
		1ECF00D92007106400C2E11D /* LaunchScreen.storyboard */ = {
			isa = PBXVariantGroup;
			children = (
				1ECF00DA2007106400C2E11D /* Base */,
			);
			name = LaunchScreen.storyboard;
			sourceTree = "<group>";
		};
/* End PBXVariantGroup section */

/* Begin XCBuildConfiguration section */
		1ECF00DD2007106400C2E11D /* Debug */ = {
			isa = XCBuildConfiguration;
			buildSettings = {
				ALWAYS_SEARCH_USER_PATHS = NO;
				CLANG_ANALYZER_NONNULL = YES;
				CLANG_ANALYZER_NUMBER_OBJECT_CONVERSION = YES_AGGRESSIVE;
				CLANG_CXX_LANGUAGE_STANDARD = "gnu++14";
				CLANG_CXX_LIBRARY = "libc++";
				CLANG_ENABLE_MODULES = YES;
				CLANG_ENABLE_OBJC_ARC = YES;
				CLANG_WARN_BLOCK_CAPTURE_AUTORELEASING = YES;
				CLANG_WARN_BOOL_CONVERSION = YES;
				CLANG_WARN_COMMA = YES;
				CLANG_WARN_CONSTANT_CONVERSION = YES;
				CLANG_WARN_DIRECT_OBJC_ISA_USAGE = YES_ERROR;
				CLANG_WARN_DOCUMENTATION_COMMENTS = YES;
				CLANG_WARN_EMPTY_BODY = YES;
				CLANG_WARN_ENUM_CONVERSION = YES;
				CLANG_WARN_INFINITE_RECURSION = YES;
				CLANG_WARN_INT_CONVERSION = YES;
				CLANG_WARN_NON_LITERAL_NULL_CONVERSION = YES;
				CLANG_WARN_OBJC_LITERAL_CONVERSION = YES;
				CLANG_WARN_OBJC_ROOT_CLASS = YES_ERROR;
				CLANG_WARN_RANGE_LOOP_ANALYSIS = YES;
				CLANG_WARN_STRICT_PROTOTYPES = YES;
				CLANG_WARN_SUSPICIOUS_MOVE = YES;
				CLANG_WARN_UNGUARDED_AVAILABILITY = YES_AGGRESSIVE;
				CLANG_WARN_UNREACHABLE_CODE = YES;
				CLANG_WARN__DUPLICATE_METHOD_MATCH = YES;
				CODE_SIGN_IDENTITY = "iPhone Developer";
				COPY_PHASE_STRIP = NO;
				DEBUG_INFORMATION_FORMAT = dwarf;
				ENABLE_STRICT_OBJC_MSGSEND = YES;
				ENABLE_TESTABILITY = YES;
				GCC_C_LANGUAGE_STANDARD = gnu11;
				GCC_DYNAMIC_NO_PIC = NO;
				GCC_NO_COMMON_BLOCKS = YES;
				GCC_OPTIMIZATION_LEVEL = 0;
				GCC_PREPROCESSOR_DEFINITIONS = (
					"DEBUG=1",
					"$(inherited)",
				);
				GCC_WARN_64_TO_32_BIT_CONVERSION = YES;
				GCC_WARN_ABOUT_RETURN_TYPE = YES_ERROR;
				GCC_WARN_UNDECLARED_SELECTOR = YES;
				GCC_WARN_UNINITIALIZED_AUTOS = YES_AGGRESSIVE;
				GCC_WARN_UNUSED_FUNCTION = YES;
				GCC_WARN_UNUSED_VARIABLE = YES;
				IPHONEOS_DEPLOYMENT_TARGET = 11.2;
				MTL_ENABLE_DEBUG_INFO = YES;
				ONLY_ACTIVE_ARCH = YES;
				SDKROOT = iphoneos;
				SWIFT_ACTIVE_COMPILATION_CONDITIONS = DEBUG;
				SWIFT_OPTIMIZATION_LEVEL = "-Onone";
			};
			name = Debug;
		};
		1ECF00DE2007106400C2E11D /* Release */ = {
			isa = XCBuildConfiguration;
			buildSettings = {
				ALWAYS_SEARCH_USER_PATHS = NO;
				CLANG_ANALYZER_NONNULL = YES;
				CLANG_ANALYZER_NUMBER_OBJECT_CONVERSION = YES_AGGRESSIVE;
				CLANG_CXX_LANGUAGE_STANDARD = "gnu++14";
				CLANG_CXX_LIBRARY = "libc++";
				CLANG_ENABLE_MODULES = YES;
				CLANG_ENABLE_OBJC_ARC = YES;
				CLANG_WARN_BLOCK_CAPTURE_AUTORELEASING = YES;
				CLANG_WARN_BOOL_CONVERSION = YES;
				CLANG_WARN_COMMA = YES;
				CLANG_WARN_CONSTANT_CONVERSION = YES;
				CLANG_WARN_DIRECT_OBJC_ISA_USAGE = YES_ERROR;
				CLANG_WARN_DOCUMENTATION_COMMENTS = YES;
				CLANG_WARN_EMPTY_BODY = YES;
				CLANG_WARN_ENUM_CONVERSION = YES;
				CLANG_WARN_INFINITE_RECURSION = YES;
				CLANG_WARN_INT_CONVERSION = YES;
				CLANG_WARN_NON_LITERAL_NULL_CONVERSION = YES;
				CLANG_WARN_OBJC_LITERAL_CONVERSION = YES;
				CLANG_WARN_OBJC_ROOT_CLASS = YES_ERROR;
				CLANG_WARN_RANGE_LOOP_ANALYSIS = YES;
				CLANG_WARN_STRICT_PROTOTYPES = YES;
				CLANG_WARN_SUSPICIOUS_MOVE = YES;
				CLANG_WARN_UNGUARDED_AVAILABILITY = YES_AGGRESSIVE;
				CLANG_WARN_UNREACHABLE_CODE = YES;
				CLANG_WARN__DUPLICATE_METHOD_MATCH = YES;
				CODE_SIGN_IDENTITY = "iPhone Developer";
				COPY_PHASE_STRIP = NO;
				DEBUG_INFORMATION_FORMAT = "dwarf-with-dsym";
				ENABLE_NS_ASSERTIONS = NO;
				ENABLE_STRICT_OBJC_MSGSEND = YES;
				GCC_C_LANGUAGE_STANDARD = gnu11;
				GCC_NO_COMMON_BLOCKS = YES;
				GCC_WARN_64_TO_32_BIT_CONVERSION = YES;
				GCC_WARN_ABOUT_RETURN_TYPE = YES_ERROR;
				GCC_WARN_UNDECLARED_SELECTOR = YES;
				GCC_WARN_UNINITIALIZED_AUTOS = YES_AGGRESSIVE;
				GCC_WARN_UNUSED_FUNCTION = YES;
				GCC_WARN_UNUSED_VARIABLE = YES;
				IPHONEOS_DEPLOYMENT_TARGET = 11.2;
				MTL_ENABLE_DEBUG_INFO = NO;
				SDKROOT = iphoneos;
				SWIFT_OPTIMIZATION_LEVEL = "-Owholemodule";
				VALIDATE_PRODUCT = YES;
			};
			name = Release;
		};
		1ECF00E02007106400C2E11D /* Debug */ = {
			isa = XCBuildConfiguration;
			baseConfigurationReference = 99432B21D9551D4B46AA8284 /* Pods-GHPlayerSheet.debug.xcconfig */;
			buildSettings = {
				ASSETCATALOG_COMPILER_APPICON_NAME = AppIcon;
				CODE_SIGN_STYLE = Automatic;
				DEVELOPMENT_TEAM = BC6278S7RY;
				INFOPLIST_FILE = GHPlayerSheet/Info.plist;
				IPHONEOS_DEPLOYMENT_TARGET = 10.3;
				LD_RUNPATH_SEARCH_PATHS = "$(inherited) @executable_path/Frameworks";
				PRODUCT_BUNDLE_IDENTIFIER = com.hisehouse.GHPlayerSheet;
				PRODUCT_NAME = "$(TARGET_NAME)";
				SWIFT_VERSION = 4.0;
				TARGETED_DEVICE_FAMILY = "1,2";
			};
			name = Debug;
		};
		1ECF00E12007106400C2E11D /* Release */ = {
			isa = XCBuildConfiguration;
			baseConfigurationReference = 9A88795E3811A24185155A4E /* Pods-GHPlayerSheet.release.xcconfig */;
			buildSettings = {
				ASSETCATALOG_COMPILER_APPICON_NAME = AppIcon;
				CODE_SIGN_STYLE = Automatic;
				DEVELOPMENT_TEAM = BC6278S7RY;
				INFOPLIST_FILE = GHPlayerSheet/Info.plist;
				IPHONEOS_DEPLOYMENT_TARGET = 10.3;
				LD_RUNPATH_SEARCH_PATHS = "$(inherited) @executable_path/Frameworks";
				PRODUCT_BUNDLE_IDENTIFIER = com.hisehouse.GHPlayerSheet;
				PRODUCT_NAME = "$(TARGET_NAME)";
				SWIFT_VERSION = 4.0;
				TARGETED_DEVICE_FAMILY = "1,2";
			};
			name = Release;
		};
/* End XCBuildConfiguration section */

/* Begin XCConfigurationList section */
		1ECF00C82007106400C2E11D /* Build configuration list for PBXProject "GHPlayerSheet" */ = {
			isa = XCConfigurationList;
			buildConfigurations = (
				1ECF00DD2007106400C2E11D /* Debug */,
				1ECF00DE2007106400C2E11D /* Release */,
			);
			defaultConfigurationIsVisible = 0;
			defaultConfigurationName = Release;
		};
		1ECF00DF2007106400C2E11D /* Build configuration list for PBXNativeTarget "GHPlayerSheet" */ = {
			isa = XCConfigurationList;
			buildConfigurations = (
				1ECF00E02007106400C2E11D /* Debug */,
				1ECF00E12007106400C2E11D /* Release */,
			);
			defaultConfigurationIsVisible = 0;
			defaultConfigurationName = Release;
		};
/* End XCConfigurationList section */
	};
	rootObject = 1ECF00C52007106400C2E11D /* Project object */;
}
